
Microsoft Visual Studio Solution File, Format Version 12.00
# Visual Studio Version 16
VisualStudioVersion = 16.0.31410.357
MinimumVisualStudioVersion = 10.0.40219.1
Project("{9092AA53-FB77-4645-B42D-1CCCA6BD08BD}") = "wordle", "wordle\wordle.njsproj", "{5F163434-6433-468C-BADB-278637BA318D}"
EndProject
Global
	GlobalSection(SolutionConfigurationPlatforms) = preSolution
		Debug|Any CPU = Debug|Any CPU
		Release|Any CPU = Release|Any CPU
	EndGlobalSection
	GlobalSection(ProjectConfigurationPlatforms) = postSolution
		{5F163434-6433-468C-BADB-278637BA318D}.Debug|Any CPU.ActiveCfg = Debug|Any CPU
		{5F163434-6433-468C-BADB-278637BA318D}.Debug|Any CPU.Build.0 = Debug|Any CPU
		{5F163434-6433-468C-BADB-278637BA318D}.Release|Any CPU.ActiveCfg = Release|Any CPU
		{5F163434-6433-468C-BADB-278637BA318D}.Release|Any CPU.Build.0 = Release|Any CPU
	EndGlobalSection
	GlobalSection(SolutionProperties) = preSolution
		HideSolutionNode = FALSE
	EndGlobalSection
	GlobalSection(ExtensibilityGlobals) = postSolution
		SolutionGuid = {EC9262E0-2B71-4879-A58D-3A8310214D31}
	EndGlobalSection
EndGlobal
